// !$*UTF8*$!
{
	archiveVersion = 1;
	classes = {
	};
	objectVersion = 46;
	objects = {

/* Begin PBXBuildFile section */
		B42A91571CD57AE000F42D5A /* party.jpg in Resources */ = {isa = PBXBuildFile; fileRef = B42A91561CD57AE000F42D5A /* party.jpg */; };
		B42A91591CD57C6B00F42D5A /* golden-gate-bridge.jpeg in Resources */ = {isa = PBXBuildFile; fileRef = B42A91581CD57C6B00F42D5A /* golden-gate-bridge.jpeg */; };
		B42A915C1CD7201800F42D5A /* images.png in Resources */ = {isa = PBXBuildFile; fileRef = B42A915B1CD7201800F42D5A /* images.png */; };
		B43ECEC61CCAEA290071C71C /* Event.swift in Sources */ = {isa = PBXBuildFile; fileRef = B43ECEC51CCAEA290071C71C /* Event.swift */; };
		B43ECECA1CCAEB800071C71C /* EventListTableViewController.swift in Sources */ = {isa = PBXBuildFile; fileRef = B43ECEC91CCAEB800071C71C /* EventListTableViewController.swift */; };
		B43ECECC1CCAF2580071C71C /* EventTableViewCell.swift in Sources */ = {isa = PBXBuildFile; fileRef = B43ECECB1CCAF2580071C71C /* EventTableViewCell.swift */; };
		B48F3CBB1CCAE0FA0065F6EB /* AppDelegate.swift in Sources */ = {isa = PBXBuildFile; fileRef = B48F3CBA1CCAE0FA0065F6EB /* AppDelegate.swift */; };
		B48F3CC21CCAE0FA0065F6EB /* Main.storyboard in Resources */ = {isa = PBXBuildFile; fileRef = B48F3CC01CCAE0FA0065F6EB /* Main.storyboard */; };
		B48F3CC41CCAE0FA0065F6EB /* Assets.xcassets in Resources */ = {isa = PBXBuildFile; fileRef = B48F3CC31CCAE0FA0065F6EB /* Assets.xcassets */; };
		B48F3CC71CCAE0FA0065F6EB /* LaunchScreen.storyboard in Resources */ = {isa = PBXBuildFile; fileRef = B48F3CC51CCAE0FA0065F6EB /* LaunchScreen.storyboard */; };
		B4B4FED91CCC3F4100D6D0B8 /* avatar.png in Resources */ = {isa = PBXBuildFile; fileRef = B4B4FED81CCC3F4100D6D0B8 /* avatar.png */; };
		B4B4FEDB1CCC52EC00D6D0B8 /* EventViewController.swift in Sources */ = {isa = PBXBuildFile; fileRef = B4B4FEDA1CCC52EC00D6D0B8 /* EventViewController.swift */; };
/* End PBXBuildFile section */

/* Begin PBXFileReference section */
		B42A91561CD57AE000F42D5A /* party.jpg */ = {isa = PBXFileReference; lastKnownFileType = image.jpeg; path = party.jpg; sourceTree = "<group>"; };
		B42A91581CD57C6B00F42D5A /* golden-gate-bridge.jpeg */ = {isa = PBXFileReference; lastKnownFileType = image.jpeg; path = "golden-gate-bridge.jpeg"; sourceTree = "<group>"; };
		B42A915B1CD7201800F42D5A /* images.png */ = {isa = PBXFileReference; lastKnownFileType = image.png; path = images.png; sourceTree = "<group>"; };
		B43ECEC51CCAEA290071C71C /* Event.swift */ = {isa = PBXFileReference; fileEncoding = 4; lastKnownFileType = sourcecode.swift; path = Event.swift; sourceTree = "<group>"; };
		B43ECEC91CCAEB800071C71C /* EventListTableViewController.swift */ = {isa = PBXFileReference; fileEncoding = 4; lastKnownFileType = sourcecode.swift; path = EventListTableViewController.swift; sourceTree = "<group>"; };
		B43ECECB1CCAF2580071C71C /* EventTableViewCell.swift */ = {isa = PBXFileReference; fileEncoding = 4; lastKnownFileType = sourcecode.swift; path = EventTableViewCell.swift; sourceTree = "<group>"; };
		B48F3CB71CCAE0FA0065F6EB /* Sappenin.app */ = {isa = PBXFileReference; explicitFileType = wrapper.application; includeInIndex = 0; path = Sappenin.app; sourceTree = BUILT_PRODUCTS_DIR; };
		B48F3CBA1CCAE0FA0065F6EB /* AppDelegate.swift */ = {isa = PBXFileReference; lastKnownFileType = sourcecode.swift; path = AppDelegate.swift; sourceTree = "<group>"; };
		B48F3CC11CCAE0FA0065F6EB /* Base */ = {isa = PBXFileReference; lastKnownFileType = file.storyboard; name = Base; path = Base.lproj/Main.storyboard; sourceTree = "<group>"; };
		B48F3CC31CCAE0FA0065F6EB /* Assets.xcassets */ = {isa = PBXFileReference; lastKnownFileType = folder.assetcatalog; path = Assets.xcassets; sourceTree = "<group>"; };
		B48F3CC61CCAE0FA0065F6EB /* Base */ = {isa = PBXFileReference; lastKnownFileType = file.storyboard; name = Base; path = Base.lproj/LaunchScreen.storyboard; sourceTree = "<group>"; };
		B48F3CC81CCAE0FA0065F6EB /* Info.plist */ = {isa = PBXFileReference; lastKnownFileType = text.plist.xml; path = Info.plist; sourceTree = "<group>"; };
		B4B4FED81CCC3F4100D6D0B8 /* avatar.png */ = {isa = PBXFileReference; lastKnownFileType = image.png; path = avatar.png; sourceTree = "<group>"; };
		B4B4FEDA1CCC52EC00D6D0B8 /* EventViewController.swift */ = {isa = PBXFileReference; fileEncoding = 4; lastKnownFileType = sourcecode.swift; path = EventViewController.swift; sourceTree = "<group>"; };
/* End PBXFileReference section */

/* Begin PBXFrameworksBuildPhase section */
		B48F3CB41CCAE0FA0065F6EB /* Frameworks */ = {
			isa = PBXFrameworksBuildPhase;
			buildActionMask = 2147483647;
			files = (
			);
			runOnlyForDeploymentPostprocessing = 0;
		};
/* End PBXFrameworksBuildPhase section */

/* Begin PBXGroup section */
		B42A915A1CD57C7900F42D5A /* Thumbnail Images */ = {
			isa = PBXGroup;
			children = (
				B4B4FED81CCC3F4100D6D0B8 /* avatar.png */,
				B42A915B1CD7201800F42D5A /* images.png */,
				B42A91581CD57C6B00F42D5A /* golden-gate-bridge.jpeg */,
				B42A91561CD57AE000F42D5A /* party.jpg */,
			);
			name = "Thumbnail Images";
			sourceTree = "<group>";
		};
		B48F3CAE1CCAE0FA0065F6EB = {
			isa = PBXGroup;
			children = (
				B48F3CB91CCAE0FA0065F6EB /* Sappenin */,
				B48F3CB81CCAE0FA0065F6EB /* Products */,
			);
			sourceTree = "<group>";
		};
		B48F3CB81CCAE0FA0065F6EB /* Products */ = {
			isa = PBXGroup;
			children = (
				B48F3CB71CCAE0FA0065F6EB /* Sappenin.app */,
			);
			name = Products;
			sourceTree = "<group>";
		};
		B48F3CB91CCAE0FA0065F6EB /* Sappenin */ = {
			isa = PBXGroup;
			children = (
				B48F3CD01CCAE97D0065F6EB /* Controller */,
				B48F3CCF1CCAE9710065F6EB /* View */,
				B48F3CCE1CCAE9650065F6EB /* Model */,
				B48F3CBA1CCAE0FA0065F6EB /* AppDelegate.swift */,
				B48F3CC31CCAE0FA0065F6EB /* Assets.xcassets */,
				B48F3CC51CCAE0FA0065F6EB /* LaunchScreen.storyboard */,
				B48F3CC81CCAE0FA0065F6EB /* Info.plist */,
			);
			path = Sappenin;
			sourceTree = "<group>";
		};
		B48F3CCE1CCAE9650065F6EB /* Model */ = {
			isa = PBXGroup;
			children = (
				B43ECEC51CCAEA290071C71C /* Event.swift */,
			);
			name = Model;
			sourceTree = "<group>";
		};
		B48F3CCF1CCAE9710065F6EB /* View */ = {
			isa = PBXGroup;
			children = (
				B42A915A1CD57C7900F42D5A /* Thumbnail Images */,
				B48F3CC01CCAE0FA0065F6EB /* Main.storyboard */,
				B43ECECB1CCAF2580071C71C /* EventTableViewCell.swift */,
			);
			name = View;
			sourceTree = "<group>";
		};
		B48F3CD01CCAE97D0065F6EB /* Controller */ = {
			isa = PBXGroup;
			children = (
				B43ECEC91CCAEB800071C71C /* EventListTableViewController.swift */,
				B4B4FEDA1CCC52EC00D6D0B8 /* EventViewController.swift */,
			);
			name = Controller;
			sourceTree = "<group>";
		};
/* End PBXGroup section */

/* Begin PBXNativeTarget section */
		B48F3CB61CCAE0FA0065F6EB /* Sappenin */ = {
			isa = PBXNativeTarget;
			buildConfigurationList = B48F3CCB1CCAE0FA0065F6EB /* Build configuration list for PBXNativeTarget "Sappenin" */;
			buildPhases = (
				B48F3CB31CCAE0FA0065F6EB /* Sources */,
				B48F3CB41CCAE0FA0065F6EB /* Frameworks */,
				B48F3CB51CCAE0FA0065F6EB /* Resources */,
			);
			buildRules = (
			);
			dependencies = (
			);
			name = Sappenin;
			productName = Sappenin;
			productReference = B48F3CB71CCAE0FA0065F6EB /* Sappenin.app */;
			productType = "com.apple.product-type.application";
		};
/* End PBXNativeTarget section */

/* Begin PBXProject section */
		B48F3CAF1CCAE0FA0065F6EB /* Project object */ = {
			isa = PBXProject;
			attributes = {
				LastSwiftUpdateCheck = 0730;
				LastUpgradeCheck = 0730;
				ORGANIZATIONNAME = "Siddhant K Tandon";
				TargetAttributes = {
					B48F3CB61CCAE0FA0065F6EB = {
						CreatedOnToolsVersion = 7.3;
					};
				};
			};
			buildConfigurationList = B48F3CB21CCAE0FA0065F6EB /* Build configuration list for PBXProject " " */;
			compatibilityVersion = "Xcode 3.2";
			developmentRegion = English;
			hasScannedForEncodings = 0;
			knownRegions = (
				en,
				Base,
			);
			mainGroup = B48F3CAE1CCAE0FA0065F6EB;
			productRefGroup = B48F3CB81CCAE0FA0065F6EB /* Products */;
			projectDirPath = "";
			projectRoot = "";
			targets = (
				B48F3CB61CCAE0FA0065F6EB /* Sappenin */,
			);
		};
/* End PBXProject section */

/* Begin PBXResourcesBuildPhase section */
		B48F3CB51CCAE0FA0065F6EB /* Resources */ = {
			isa = PBXResourcesBuildPhase;
			buildActionMask = 2147483647;
			files = (
				B48F3CC71CCAE0FA0065F6EB /* LaunchScreen.storyboard in Resources */,
				B4B4FED91CCC3F4100D6D0B8 /* avatar.png in Resources */,
				B42A91571CD57AE000F42D5A /* party.jpg in Resources */,
				B42A91591CD57C6B00F42D5A /* golden-gate-bridge.jpeg in Resources */,
				B42A915C1CD7201800F42D5A /* images.png in Resources */,
				B48F3CC41CCAE0FA0065F6EB /* Assets.xcassets in Resources */,
				B48F3CC21CCAE0FA0065F6EB /* Main.storyboard in Resources */,
			);
			runOnlyForDeploymentPostprocessing = 0;
		};
/* End PBXResourcesBuildPhase section */

/* Begin PBXSourcesBuildPhase section */
		B48F3CB31CCAE0FA0065F6EB /* Sources */ = {
			isa = PBXSourcesBuildPhase;
			buildActionMask = 2147483647;
			files = (
				B4B4FEDB1CCC52EC00D6D0B8 /* EventViewController.swift in Sources */,
				B43ECECC1CCAF2580071C71C /* EventTableViewCell.swift in Sources */,
				B43ECECA1CCAEB800071C71C /* EventListTableViewController.swift in Sources */,
				B48F3CBB1CCAE0FA0065F6EB /* AppDelegate.swift in Sources */,
				B43ECEC61CCAEA290071C71C /* Event.swift in Sources */,
			);
			runOnlyForDeploymentPostprocessing = 0;
		};
/* End PBXSourcesBuildPhase section */

/* Begin PBXVariantGroup section */
		B48F3CC01CCAE0FA0065F6EB /* Main.storyboard */ = {
			isa = PBXVariantGroup;
			children = (
				B48F3CC11CCAE0FA0065F6EB /* Base */,
			);
			name = Main.storyboard;
			sourceTree = "<group>";
		};
		B48F3CC51CCAE0FA0065F6EB /* LaunchScreen.storyboard */ = {
			isa = PBXVariantGroup;
			children = (
				B48F3CC61CCAE0FA0065F6EB /* Base */,
			);
			name = LaunchScreen.storyboard;
			sourceTree = "<group>";
		};
/* End PBXVariantGroup section */

/* Begin XCBuildConfiguration section */
		B48F3CC91CCAE0FA0065F6EB /* Debug */ = {
			isa = XCBuildConfiguration;
			buildSettings = {
				ALWAYS_SEARCH_USER_PATHS = NO;
				CLANG_ANALYZER_NONNULL = YES;
				CLANG_CXX_LANGUAGE_STANDARD = "gnu++0x";
				CLANG_CXX_LIBRARY = "libc++";
				CLANG_ENABLE_MODULES = YES;
				CLANG_ENABLE_OBJC_ARC = YES;
				CLANG_WARN_BOOL_CONVERSION = YES;
				CLANG_WARN_CONSTANT_CONVERSION = YES;
				CLANG_WARN_DIRECT_OBJC_ISA_USAGE = YES_ERROR;
				CLANG_WARN_EMPTY_BODY = YES;
				CLANG_WARN_ENUM_CONVERSION = YES;
				CLANG_WARN_INT_CONVERSION = YES;
				CLANG_WARN_OBJC_ROOT_CLASS = YES_ERROR;
				CLANG_WARN_UNREACHABLE_CODE = YES;
				CLANG_WARN__DUPLICATE_METHOD_MATCH = YES;
				"CODE_SIGN_IDENTITY[sdk=iphoneos*]" = "iPhone Developer";
				COPY_PHASE_STRIP = NO;
				DEBUG_INFORMATION_FORMAT = dwarf;
				ENABLE_STRICT_OBJC_MSGSEND = YES;
				ENABLE_TESTABILITY = YES;
				GCC_C_LANGUAGE_STANDARD = gnu99;
				GCC_DYNAMIC_NO_PIC = NO;
				GCC_NO_COMMON_BLOCKS = YES;
				GCC_OPTIMIZATION_LEVEL = 0;
				GCC_PREPROCESSOR_DEFINITIONS = (
					"DEBUG=1",
					"$(inherited)",
				);
				GCC_WARN_64_TO_32_BIT_CONVERSION = YES;
				GCC_WARN_ABOUT_RETURN_TYPE = YES_ERROR;
				GCC_WARN_UNDECLARED_SELECTOR = YES;
				GCC_WARN_UNINITIALIZED_AUTOS = YES_AGGRESSIVE;
				GCC_WARN_UNUSED_FUNCTION = YES;
				GCC_WARN_UNUSED_VARIABLE = YES;
				IPHONEOS_DEPLOYMENT_TARGET = 9.3;
				MTL_ENABLE_DEBUG_INFO = YES;
				ONLY_ACTIVE_ARCH = YES;
				SDKROOT = iphoneos;
				SWIFT_OPTIMIZATION_LEVEL = "-Onone";
			};
			name = Debug;
		};
		B48F3CCA1CCAE0FA0065F6EB /* Release */ = {
			isa = XCBuildConfiguration;
			buildSettings = {
				ALWAYS_SEARCH_USER_PATHS = NO;
				CLANG_ANALYZER_NONNULL = YES;
				CLANG_CXX_LANGUAGE_STANDARD = "gnu++0x";
				CLANG_CXX_LIBRARY = "libc++";
				CLANG_ENABLE_MODULES = YES;
				CLANG_ENABLE_OBJC_ARC = YES;
				CLANG_WARN_BOOL_CONVERSION = YES;
				CLANG_WARN_CONSTANT_CONVERSION = YES;
				CLANG_WARN_DIRECT_OBJC_ISA_USAGE = YES_ERROR;
				CLANG_WARN_EMPTY_BODY = YES;
				CLANG_WARN_ENUM_CONVERSION = YES;
				CLANG_WARN_INT_CONVERSION = YES;
				CLANG_WARN_OBJC_ROOT_CLASS = YES_ERROR;
				CLANG_WARN_UNREACHABLE_CODE = YES;
				CLANG_WARN__DUPLICATE_METHOD_MATCH = YES;
				"CODE_SIGN_IDENTITY[sdk=iphoneos*]" = "iPhone Developer";
				COPY_PHASE_STRIP = NO;
				DEBUG_INFORMATION_FORMAT = "dwarf-with-dsym";
				ENABLE_NS_ASSERTIONS = NO;
				ENABLE_STRICT_OBJC_MSGSEND = YES;
				GCC_C_LANGUAGE_STANDARD = gnu99;
				GCC_NO_COMMON_BLOCKS = YES;
				GCC_WARN_64_TO_32_BIT_CONVERSION = YES;
				GCC_WARN_ABOUT_RETURN_TYPE = YES_ERROR;
				GCC_WARN_UNDECLARED_SELECTOR = YES;
				GCC_WARN_UNINITIALIZED_AUTOS = YES_AGGRESSIVE;
				GCC_WARN_UNUSED_FUNCTION = YES;
				GCC_WARN_UNUSED_VARIABLE = YES;
				IPHONEOS_DEPLOYMENT_TARGET = 9.3;
				MTL_ENABLE_DEBUG_INFO = NO;
				SDKROOT = iphoneos;
				VALIDATE_PRODUCT = YES;
			};
			name = Release;
		};
		B48F3CCC1CCAE0FA0065F6EB /* Debug */ = {
			isa = XCBuildConfiguration;
			buildSettings = {
				ASSETCATALOG_COMPILER_APPICON_NAME = AppIcon;
				INFOPLIST_FILE = Sappenin/Info.plist;
				LD_RUNPATH_SEARCH_PATHS = "$(inherited) @executable_path/Frameworks";
				PRODUCT_BUNDLE_IDENTIFIER = edu.berkeley.siddhant.tandon.Sappenin;
				PRODUCT_NAME = "$(TARGET_NAME)";
			};
			name = Debug;
		};
		B48F3CCD1CCAE0FA0065F6EB /* Release */ = {
			isa = XCBuildConfiguration;
			buildSettings = {
				ASSETCATALOG_COMPILER_APPICON_NAME = AppIcon;
				INFOPLIST_FILE = Sappenin/Info.plist;
				LD_RUNPATH_SEARCH_PATHS = "$(inherited) @executable_path/Frameworks";
				PRODUCT_BUNDLE_IDENTIFIER = edu.berkeley.siddhant.tandon.Sappenin;
				PRODUCT_NAME = "$(TARGET_NAME)";
			};
			name = Release;
		};
/* End XCBuildConfiguration section */

/* Begin XCConfigurationList section */
		B48F3CB21CCAE0FA0065F6EB /* Build configuration list for PBXProject " " */ = {
			isa = XCConfigurationList;
			buildConfigurations = (
				B48F3CC91CCAE0FA0065F6EB /* Debug */,
				B48F3CCA1CCAE0FA0065F6EB /* Release */,
			);
			defaultConfigurationIsVisible = 0;
			defaultConfigurationName = Release;
		};
		B48F3CCB1CCAE0FA0065F6EB /* Build configuration list for PBXNativeTarget "Sappenin" */ = {
			isa = XCConfigurationList;
			buildConfigurations = (
				B48F3CCC1CCAE0FA0065F6EB /* Debug */,
				B48F3CCD1CCAE0FA0065F6EB /* Release */,
			);
			defaultConfigurationIsVisible = 0;
			defaultConfigurationName = Release;
		};
/* End XCConfigurationList section */
	};
	rootObject = B48F3CAF1CCAE0FA0065F6EB /* Project object */;
}
